
Microsoft Visual Studio Solution File, Format Version 12.00
# Visual Studio Version 16
VisualStudioVersion = 16.0.31624.102
MinimumVisualStudioVersion = 10.0.40219.1
Project("{9A19103F-16F7-4668-BE54-9A1E7A4F7556}") = "EduHomeAspNetProject", "EduHomeAspNetProject\EduHomeAspNetProject.csproj", "{1691BF7B-58E7-4F4F-8D45-6D78B2EA616F}"
EndProject
Global
	GlobalSection(SolutionConfigurationPlatforms) = preSolution
		Debug|Any CPU = Debug|Any CPU
		Release|Any CPU = Release|Any CPU
	EndGlobalSection
	GlobalSection(ProjectConfigurationPlatforms) = postSolution
		{1691BF7B-58E7-4F4F-8D45-6D78B2EA616F}.Debug|Any CPU.ActiveCfg = Debug|Any CPU
		{1691BF7B-58E7-4F4F-8D45-6D78B2EA616F}.Debug|Any CPU.Build.0 = Debug|Any CPU
		{1691BF7B-58E7-4F4F-8D45-6D78B2EA616F}.Release|Any CPU.ActiveCfg = Release|Any CPU
		{1691BF7B-58E7-4F4F-8D45-6D78B2EA616F}.Release|Any CPU.Build.0 = Release|Any CPU
	EndGlobalSection
	GlobalSection(SolutionProperties) = preSolution
		HideSolutionNode = FALSE
	EndGlobalSection
	GlobalSection(ExtensibilityGlobals) = postSolution
		SolutionGuid = {3EAAE447-565F-458D-8ADD-D65E2CB49A42}
	EndGlobalSection
EndGlobal
